
Microsoft Visual Studio Solution File, Format Version 12.00
# Visual Studio Version 17
VisualStudioVersion = 17.10.35013.160
MinimumVisualStudioVersion = 10.0.40219.1
Project("{FAE04EC0-301F-11D3-BF4B-00C04F79EFBC}") = "SchoolDashBoard", "SchoolDashBoard.csproj", "{05EDAF5B-84F6-4DEA-B39B-EB06381A1B0E}"
EndProject
Project("{FAE04EC0-301F-11D3-BF4B-00C04F79EFBC}") = "SchoolDashBoard.Data", "..\SchoolDashBoard.Data\SchoolDashBoard.Data.csproj", "{5D479C46-C512-4AC7-8072-A8A9DB229767}"
EndProject
Project("{54A90642-561A-4BB1-A94E-469ADEE60C69}") = "SchoolDashBoard.UI", "..\SchoolDashBoard.UI\SchoolDashBoard.UI.esproj", "{65F5F617-A3A4-4720-BCE3-C9352B323F0B}"
EndProject
Global
	GlobalSection(SolutionConfigurationPlatforms) = preSolution
		Debug|Any CPU = Debug|Any CPU
		Release|Any CPU = Release|Any CPU
	EndGlobalSection
	GlobalSection(ProjectConfigurationPlatforms) = postSolution
		{05EDAF5B-84F6-4DEA-B39B-EB06381A1B0E}.Debug|Any CPU.ActiveCfg = Debug|Any CPU
		{05EDAF5B-84F6-4DEA-B39B-EB06381A1B0E}.Debug|Any CPU.Build.0 = Debug|Any CPU
		{05EDAF5B-84F6-4DEA-B39B-EB06381A1B0E}.Release|Any CPU.ActiveCfg = Release|Any CPU
		{05EDAF5B-84F6-4DEA-B39B-EB06381A1B0E}.Release|Any CPU.Build.0 = Release|Any CPU
		{5D479C46-C512-4AC7-8072-A8A9DB229767}.Debug|Any CPU.ActiveCfg = Debug|Any CPU
		{5D479C46-C512-4AC7-8072-A8A9DB229767}.Debug|Any CPU.Build.0 = Debug|Any CPU
		{5D479C46-C512-4AC7-8072-A8A9DB229767}.Release|Any CPU.ActiveCfg = Release|Any CPU
		{5D479C46-C512-4AC7-8072-A8A9DB229767}.Release|Any CPU.Build.0 = Release|Any CPU
		{65F5F617-A3A4-4720-BCE3-C9352B323F0B}.Debug|Any CPU.ActiveCfg = Debug|Any CPU
		{65F5F617-A3A4-4720-BCE3-C9352B323F0B}.Debug|Any CPU.Build.0 = Debug|Any CPU
		{65F5F617-A3A4-4720-BCE3-C9352B323F0B}.Debug|Any CPU.Deploy.0 = Debug|Any CPU
		{65F5F617-A3A4-4720-BCE3-C9352B323F0B}.Release|Any CPU.ActiveCfg = Release|Any CPU
		{65F5F617-A3A4-4720-BCE3-C9352B323F0B}.Release|Any CPU.Build.0 = Release|Any CPU
		{65F5F617-A3A4-4720-BCE3-C9352B323F0B}.Release|Any CPU.Deploy.0 = Release|Any CPU
	EndGlobalSection
	GlobalSection(SolutionProperties) = preSolution
		HideSolutionNode = FALSE
	EndGlobalSection
	GlobalSection(ExtensibilityGlobals) = postSolution
		SolutionGuid = {ACA5AF12-8E5F-41AD-A3DA-4163C61D2721}
	EndGlobalSection
EndGlobal
